// !$*UTF8*$!
{
	archiveVersion = 1;
	classes = {
	};
	objectVersion = 46;
	objects = {

/* Begin PBXBuildFile section */
		33455DEC578FCB433DB0BC4A /* Pods_ThreeLineReview.framework in Frameworks */ = {isa = PBXBuildFile; fileRef = 322DE32EE9D0F3BAE3B557BC /* Pods_ThreeLineReview.framework */; };
		DA9E56451EDB037000738BFE /* AppDelegate.swift in Sources */ = {isa = PBXBuildFile; fileRef = DA9E56441EDB037000738BFE /* AppDelegate.swift */; };
		DA9E56471EDB037000738BFE /* HomeViewController.swift in Sources */ = {isa = PBXBuildFile; fileRef = DA9E56461EDB037000738BFE /* HomeViewController.swift */; };
		DA9E564A1EDB037000738BFE /* Main.storyboard in Resources */ = {isa = PBXBuildFile; fileRef = DA9E56481EDB037000738BFE /* Main.storyboard */; };
		DA9E564D1EDB037000738BFE /* ThreeLineReview.xcdatamodeld in Sources */ = {isa = PBXBuildFile; fileRef = DA9E564B1EDB037000738BFE /* ThreeLineReview.xcdatamodeld */; };
		DA9E564F1EDB037000738BFE /* Assets.xcassets in Resources */ = {isa = PBXBuildFile; fileRef = DA9E564E1EDB037000738BFE /* Assets.xcassets */; };
		DA9E56521EDB037000738BFE /* LaunchScreen.storyboard in Resources */ = {isa = PBXBuildFile; fileRef = DA9E56501EDB037000738BFE /* LaunchScreen.storyboard */; };
		DA9E565D1EDB037000738BFE /* ThreeLineReviewTests.swift in Sources */ = {isa = PBXBuildFile; fileRef = DA9E565C1EDB037000738BFE /* ThreeLineReviewTests.swift */; };
		DA9E56681EDB037000738BFE /* ThreeLineReviewUITests.swift in Sources */ = {isa = PBXBuildFile; fileRef = DA9E56671EDB037000738BFE /* ThreeLineReviewUITests.swift */; };
		DA9E567A1EDB06A200738BFE /* ReviewTargetCollectionViewCell.swift in Sources */ = {isa = PBXBuildFile; fileRef = DA9E56781EDB06A200738BFE /* ReviewTargetCollectionViewCell.swift */; };
		DA9E567B1EDB06A200738BFE /* ReviewTargetCollectionViewCell.xib in Resources */ = {isa = PBXBuildFile; fileRef = DA9E56791EDB06A200738BFE /* ReviewTargetCollectionViewCell.xib */; };
		DA9E56801EDB06C000738BFE /* ReviewTargetModel.swift in Sources */ = {isa = PBXBuildFile; fileRef = DA9E567E1EDB06C000738BFE /* ReviewTargetModel.swift */; };
		DA9E56811EDB06C000738BFE /* UserModel.swift in Sources */ = {isa = PBXBuildFile; fileRef = DA9E567F1EDB06C000738BFE /* UserModel.swift */; };
		DACE17911EFFC5A500334172 /* MakeReviewTargetViewController.swift in Sources */ = {isa = PBXBuildFile; fileRef = DACE17901EFFC5A500334172 /* MakeReviewTargetViewController.swift */; };
		DACE17931F02105F00334172 /* LoginViewController.swift in Sources */ = {isa = PBXBuildFile; fileRef = DACE17921F02105F00334172 /* LoginViewController.swift */; };
		DACE17951F0218DA00334172 /* JoinViewController.swift in Sources */ = {isa = PBXBuildFile; fileRef = DACE17941F0218DA00334172 /* JoinViewController.swift */; };
		DACE17971F02579D00334172 /* UserViewController.swift in Sources */ = {isa = PBXBuildFile; fileRef = DACE17961F02579D00334172 /* UserViewController.swift */; };
/* End PBXBuildFile section */

/* Begin PBXContainerItemProxy section */
		DA9E56591EDB037000738BFE /* PBXContainerItemProxy */ = {
			isa = PBXContainerItemProxy;
			containerPortal = DA9E56391EDB037000738BFE /* Project object */;
			proxyType = 1;
			remoteGlobalIDString = DA9E56401EDB037000738BFE;
			remoteInfo = ThreeLineReview;
		};
		DA9E56641EDB037000738BFE /* PBXContainerItemProxy */ = {
			isa = PBXContainerItemProxy;
			containerPortal = DA9E56391EDB037000738BFE /* Project object */;
			proxyType = 1;
			remoteGlobalIDString = DA9E56401EDB037000738BFE;
			remoteInfo = ThreeLineReview;
		};
/* End PBXContainerItemProxy section */

/* Begin PBXFileReference section */
		322DE32EE9D0F3BAE3B557BC /* Pods_ThreeLineReview.framework */ = {isa = PBXFileReference; explicitFileType = wrapper.framework; includeInIndex = 0; path = Pods_ThreeLineReview.framework; sourceTree = BUILT_PRODUCTS_DIR; };
		DA9E56411EDB037000738BFE /* ThreeLineReview.app */ = {isa = PBXFileReference; explicitFileType = wrapper.application; includeInIndex = 0; path = ThreeLineReview.app; sourceTree = BUILT_PRODUCTS_DIR; };
		DA9E56441EDB037000738BFE /* AppDelegate.swift */ = {isa = PBXFileReference; lastKnownFileType = sourcecode.swift; path = AppDelegate.swift; sourceTree = "<group>"; };
		DA9E56461EDB037000738BFE /* HomeViewController.swift */ = {isa = PBXFileReference; lastKnownFileType = sourcecode.swift; name = HomeViewController.swift; path = ThreeLineReview/HomeViewController.swift; sourceTree = SOURCE_ROOT; };
		DA9E56491EDB037000738BFE /* Base */ = {isa = PBXFileReference; lastKnownFileType = file.storyboard; name = Base; path = Base.lproj/Main.storyboard; sourceTree = "<group>"; };
		DA9E564C1EDB037000738BFE /* ThreeLineReview.xcdatamodel */ = {isa = PBXFileReference; lastKnownFileType = wrapper.xcdatamodel; path = ThreeLineReview.xcdatamodel; sourceTree = "<group>"; };
		DA9E564E1EDB037000738BFE /* Assets.xcassets */ = {isa = PBXFileReference; lastKnownFileType = folder.assetcatalog; path = Assets.xcassets; sourceTree = "<group>"; };
		DA9E56511EDB037000738BFE /* Base */ = {isa = PBXFileReference; lastKnownFileType = file.storyboard; name = Base; path = Base.lproj/LaunchScreen.storyboard; sourceTree = "<group>"; };
		DA9E56531EDB037000738BFE /* Info.plist */ = {isa = PBXFileReference; lastKnownFileType = text.plist.xml; path = Info.plist; sourceTree = "<group>"; };
		DA9E56581EDB037000738BFE /* ThreeLineReviewTests.xctest */ = {isa = PBXFileReference; explicitFileType = wrapper.cfbundle; includeInIndex = 0; path = ThreeLineReviewTests.xctest; sourceTree = BUILT_PRODUCTS_DIR; };
		DA9E565C1EDB037000738BFE /* ThreeLineReviewTests.swift */ = {isa = PBXFileReference; lastKnownFileType = sourcecode.swift; path = ThreeLineReviewTests.swift; sourceTree = "<group>"; };
		DA9E565E1EDB037000738BFE /* Info.plist */ = {isa = PBXFileReference; lastKnownFileType = text.plist.xml; path = Info.plist; sourceTree = "<group>"; };
		DA9E56631EDB037000738BFE /* ThreeLineReviewUITests.xctest */ = {isa = PBXFileReference; explicitFileType = wrapper.cfbundle; includeInIndex = 0; path = ThreeLineReviewUITests.xctest; sourceTree = BUILT_PRODUCTS_DIR; };
		DA9E56671EDB037000738BFE /* ThreeLineReviewUITests.swift */ = {isa = PBXFileReference; lastKnownFileType = sourcecode.swift; path = ThreeLineReviewUITests.swift; sourceTree = "<group>"; };
		DA9E56691EDB037000738BFE /* Info.plist */ = {isa = PBXFileReference; lastKnownFileType = text.plist.xml; path = Info.plist; sourceTree = "<group>"; };
		DA9E56781EDB06A200738BFE /* ReviewTargetCollectionViewCell.swift */ = {isa = PBXFileReference; fileEncoding = 4; lastKnownFileType = sourcecode.swift; path = ReviewTargetCollectionViewCell.swift; sourceTree = "<group>"; };
		DA9E56791EDB06A200738BFE /* ReviewTargetCollectionViewCell.xib */ = {isa = PBXFileReference; fileEncoding = 4; lastKnownFileType = file.xib; path = ReviewTargetCollectionViewCell.xib; sourceTree = "<group>"; };
		DA9E567E1EDB06C000738BFE /* ReviewTargetModel.swift */ = {isa = PBXFileReference; fileEncoding = 4; lastKnownFileType = sourcecode.swift; path = ReviewTargetModel.swift; sourceTree = "<group>"; };
		DA9E567F1EDB06C000738BFE /* UserModel.swift */ = {isa = PBXFileReference; fileEncoding = 4; lastKnownFileType = sourcecode.swift; path = UserModel.swift; sourceTree = "<group>"; };
		DACE17901EFFC5A500334172 /* MakeReviewTargetViewController.swift */ = {isa = PBXFileReference; fileEncoding = 4; lastKnownFileType = sourcecode.swift; path = MakeReviewTargetViewController.swift; sourceTree = "<group>"; };
		DACE17921F02105F00334172 /* LoginViewController.swift */ = {isa = PBXFileReference; fileEncoding = 4; lastKnownFileType = sourcecode.swift; name = LoginViewController.swift; path = ../LoginViewController.swift; sourceTree = "<group>"; };
		DACE17941F0218DA00334172 /* JoinViewController.swift */ = {isa = PBXFileReference; fileEncoding = 4; lastKnownFileType = sourcecode.swift; path = JoinViewController.swift; sourceTree = "<group>"; };
		DACE17961F02579D00334172 /* UserViewController.swift */ = {isa = PBXFileReference; fileEncoding = 4; lastKnownFileType = sourcecode.swift; path = UserViewController.swift; sourceTree = "<group>"; };
		E6C01A43A3F2FB29CFFFBC00 /* Pods-ThreeLineReview.debug.xcconfig */ = {isa = PBXFileReference; includeInIndex = 1; lastKnownFileType = text.xcconfig; name = "Pods-ThreeLineReview.debug.xcconfig"; path = "Pods/Target Support Files/Pods-ThreeLineReview/Pods-ThreeLineReview.debug.xcconfig"; sourceTree = "<group>"; };
		F5370EC1FD71412DEE7A8A39 /* Pods-ThreeLineReview.release.xcconfig */ = {isa = PBXFileReference; includeInIndex = 1; lastKnownFileType = text.xcconfig; name = "Pods-ThreeLineReview.release.xcconfig"; path = "Pods/Target Support Files/Pods-ThreeLineReview/Pods-ThreeLineReview.release.xcconfig"; sourceTree = "<group>"; };
/* End PBXFileReference section */

/* Begin PBXFrameworksBuildPhase section */
		DA9E563E1EDB037000738BFE /* Frameworks */ = {
			isa = PBXFrameworksBuildPhase;
			buildActionMask = 2147483647;
			files = (
				33455DEC578FCB433DB0BC4A /* Pods_ThreeLineReview.framework in Frameworks */,
			);
			runOnlyForDeploymentPostprocessing = 0;
		};
		DA9E56551EDB037000738BFE /* Frameworks */ = {
			isa = PBXFrameworksBuildPhase;
			buildActionMask = 2147483647;
			files = (
			);
			runOnlyForDeploymentPostprocessing = 0;
		};
		DA9E56601EDB037000738BFE /* Frameworks */ = {
			isa = PBXFrameworksBuildPhase;
			buildActionMask = 2147483647;
			files = (
			);
			runOnlyForDeploymentPostprocessing = 0;
		};
/* End PBXFrameworksBuildPhase section */

/* Begin PBXGroup section */
		41784C569957A8E67695144B /* Frameworks */ = {
			isa = PBXGroup;
			children = (
				322DE32EE9D0F3BAE3B557BC /* Pods_ThreeLineReview.framework */,
			);
			name = Frameworks;
			sourceTree = "<group>";
		};
		D5185F5C6C9EF8FD21693470 /* Pods */ = {
			isa = PBXGroup;
			children = (
				E6C01A43A3F2FB29CFFFBC00 /* Pods-ThreeLineReview.debug.xcconfig */,
				F5370EC1FD71412DEE7A8A39 /* Pods-ThreeLineReview.release.xcconfig */,
			);
			name = Pods;
			sourceTree = "<group>";
		};
		DA9E56381EDB037000738BFE = {
			isa = PBXGroup;
			children = (
				DA9E56431EDB037000738BFE /* ThreeLineReview */,
				DA9E565B1EDB037000738BFE /* ThreeLineReviewTests */,
				DA9E56661EDB037000738BFE /* ThreeLineReviewUITests */,
				DA9E56421EDB037000738BFE /* Products */,
				D5185F5C6C9EF8FD21693470 /* Pods */,
				41784C569957A8E67695144B /* Frameworks */,
			);
			sourceTree = "<group>";
		};
		DA9E56421EDB037000738BFE /* Products */ = {
			isa = PBXGroup;
			children = (
				DA9E56411EDB037000738BFE /* ThreeLineReview.app */,
				DA9E56581EDB037000738BFE /* ThreeLineReviewTests.xctest */,
				DA9E56631EDB037000738BFE /* ThreeLineReviewUITests.xctest */,
			);
			name = Products;
			sourceTree = "<group>";
		};
		DA9E56431EDB037000738BFE /* ThreeLineReview */ = {
			isa = PBXGroup;
			children = (
				DA9E56441EDB037000738BFE /* AppDelegate.swift */,
				DA9E56481EDB037000738BFE /* Main.storyboard */,
				DA9E567D1EDB06C000738BFE /* Model */,
				DA9E56771EDB06A200738BFE /* View */,
				DA9E567C1EDB06AC00738BFE /* ViewController */,
				DA9E564E1EDB037000738BFE /* Assets.xcassets */,
				DA9E56501EDB037000738BFE /* LaunchScreen.storyboard */,
				DA9E56531EDB037000738BFE /* Info.plist */,
				DA9E564B1EDB037000738BFE /* ThreeLineReview.xcdatamodeld */,
			);
			path = ThreeLineReview;
			sourceTree = "<group>";
		};
		DA9E565B1EDB037000738BFE /* ThreeLineReviewTests */ = {
			isa = PBXGroup;
			children = (
				DA9E565C1EDB037000738BFE /* ThreeLineReviewTests.swift */,
				DA9E565E1EDB037000738BFE /* Info.plist */,
			);
			path = ThreeLineReviewTests;
			sourceTree = "<group>";
		};
		DA9E56661EDB037000738BFE /* ThreeLineReviewUITests */ = {
			isa = PBXGroup;
			children = (
				DA9E56671EDB037000738BFE /* ThreeLineReviewUITests.swift */,
				DA9E56691EDB037000738BFE /* Info.plist */,
			);
			path = ThreeLineReviewUITests;
			sourceTree = "<group>";
		};
		DA9E56771EDB06A200738BFE /* View */ = {
			isa = PBXGroup;
			children = (
				DA9E56781EDB06A200738BFE /* ReviewTargetCollectionViewCell.swift */,
				DA9E56791EDB06A200738BFE /* ReviewTargetCollectionViewCell.xib */,
			);
			path = View;
			sourceTree = "<group>";
		};
		DA9E567C1EDB06AC00738BFE /* ViewController */ = {
			isa = PBXGroup;
			children = (
				DACE17941F0218DA00334172 /* JoinViewController.swift */,
				DACE17921F02105F00334172 /* LoginViewController.swift */,
				DA9E56461EDB037000738BFE /* HomeViewController.swift */,
				DACE17961F02579D00334172 /* UserViewController.swift */,
				DACE17901EFFC5A500334172 /* MakeReviewTargetViewController.swift */,
			);
			name = ViewController;
			path = ThreeLineReview/ViewController;
			sourceTree = SOURCE_ROOT;
		};
		DA9E567D1EDB06C000738BFE /* Model */ = {
			isa = PBXGroup;
			children = (
				DA9E567E1EDB06C000738BFE /* ReviewTargetModel.swift */,
				DA9E567F1EDB06C000738BFE /* UserModel.swift */,
			);
			path = Model;
			sourceTree = "<group>";
		};
/* End PBXGroup section */

/* Begin PBXNativeTarget section */
		DA9E56401EDB037000738BFE /* ThreeLineReview */ = {
			isa = PBXNativeTarget;
			buildConfigurationList = DA9E566C1EDB037000738BFE /* Build configuration list for PBXNativeTarget "ThreeLineReview" */;
			buildPhases = (
				8A59607D4ACDE2A5F642D3B0 /* [CP] Check Pods Manifest.lock */,
				DA9E563D1EDB037000738BFE /* Sources */,
				DA9E563E1EDB037000738BFE /* Frameworks */,
				DA9E563F1EDB037000738BFE /* Resources */,
				237C8A9338D88A7A12ACB281 /* [CP] Embed Pods Frameworks */,
				E2B501BB30CD315296CDC448 /* [CP] Copy Pods Resources */,
			);
			buildRules = (
			);
			dependencies = (
			);
			name = ThreeLineReview;
			productName = ThreeLineReview;
			productReference = DA9E56411EDB037000738BFE /* ThreeLineReview.app */;
			productType = "com.apple.product-type.application";
		};
		DA9E56571EDB037000738BFE /* ThreeLineReviewTests */ = {
			isa = PBXNativeTarget;
			buildConfigurationList = DA9E566F1EDB037000738BFE /* Build configuration list for PBXNativeTarget "ThreeLineReviewTests" */;
			buildPhases = (
				DA9E56541EDB037000738BFE /* Sources */,
				DA9E56551EDB037000738BFE /* Frameworks */,
				DA9E56561EDB037000738BFE /* Resources */,
			);
			buildRules = (
			);
			dependencies = (
				DA9E565A1EDB037000738BFE /* PBXTargetDependency */,
			);
			name = ThreeLineReviewTests;
			productName = ThreeLineReviewTests;
			productReference = DA9E56581EDB037000738BFE /* ThreeLineReviewTests.xctest */;
			productType = "com.apple.product-type.bundle.unit-test";
		};
		DA9E56621EDB037000738BFE /* ThreeLineReviewUITests */ = {
			isa = PBXNativeTarget;
			buildConfigurationList = DA9E56721EDB037000738BFE /* Build configuration list for PBXNativeTarget "ThreeLineReviewUITests" */;
			buildPhases = (
				DA9E565F1EDB037000738BFE /* Sources */,
				DA9E56601EDB037000738BFE /* Frameworks */,
				DA9E56611EDB037000738BFE /* Resources */,
			);
			buildRules = (
			);
			dependencies = (
				DA9E56651EDB037000738BFE /* PBXTargetDependency */,
			);
			name = ThreeLineReviewUITests;
			productName = ThreeLineReviewUITests;
			productReference = DA9E56631EDB037000738BFE /* ThreeLineReviewUITests.xctest */;
			productType = "com.apple.product-type.bundle.ui-testing";
		};
/* End PBXNativeTarget section */

/* Begin PBXProject section */
		DA9E56391EDB037000738BFE /* Project object */ = {
			isa = PBXProject;
			attributes = {
				LastSwiftUpdateCheck = 0830;
				LastUpgradeCheck = 0830;
				ORGANIZATIONNAME = LeFal;
				TargetAttributes = {
					DA9E56401EDB037000738BFE = {
						CreatedOnToolsVersion = 8.3.2;
						DevelopmentTeam = 34UH748CF3;
						ProvisioningStyle = Automatic;
					};
					DA9E56571EDB037000738BFE = {
						CreatedOnToolsVersion = 8.3.2;
						DevelopmentTeam = 34UH748CF3;
						ProvisioningStyle = Automatic;
						TestTargetID = DA9E56401EDB037000738BFE;
					};
					DA9E56621EDB037000738BFE = {
						CreatedOnToolsVersion = 8.3.2;
						DevelopmentTeam = 34UH748CF3;
						ProvisioningStyle = Automatic;
						TestTargetID = DA9E56401EDB037000738BFE;
					};
				};
			};
			buildConfigurationList = DA9E563C1EDB037000738BFE /* Build configuration list for PBXProject "ThreeLineReview" */;
			compatibilityVersion = "Xcode 3.2";
			developmentRegion = English;
			hasScannedForEncodings = 0;
			knownRegions = (
				en,
				Base,
			);
			mainGroup = DA9E56381EDB037000738BFE;
			productRefGroup = DA9E56421EDB037000738BFE /* Products */;
			projectDirPath = "";
			projectRoot = "";
			targets = (
				DA9E56401EDB037000738BFE /* ThreeLineReview */,
				DA9E56571EDB037000738BFE /* ThreeLineReviewTests */,
				DA9E56621EDB037000738BFE /* ThreeLineReviewUITests */,
			);
		};
/* End PBXProject section */

/* Begin PBXResourcesBuildPhase section */
		DA9E563F1EDB037000738BFE /* Resources */ = {
			isa = PBXResourcesBuildPhase;
			buildActionMask = 2147483647;
			files = (
				DA9E56521EDB037000738BFE /* LaunchScreen.storyboard in Resources */,
				DA9E564F1EDB037000738BFE /* Assets.xcassets in Resources */,
				DA9E564A1EDB037000738BFE /* Main.storyboard in Resources */,
				DA9E567B1EDB06A200738BFE /* ReviewTargetCollectionViewCell.xib in Resources */,
			);
			runOnlyForDeploymentPostprocessing = 0;
		};
		DA9E56561EDB037000738BFE /* Resources */ = {
			isa = PBXResourcesBuildPhase;
			buildActionMask = 2147483647;
			files = (
			);
			runOnlyForDeploymentPostprocessing = 0;
		};
		DA9E56611EDB037000738BFE /* Resources */ = {
			isa = PBXResourcesBuildPhase;
			buildActionMask = 2147483647;
			files = (
			);
			runOnlyForDeploymentPostprocessing = 0;
		};
/* End PBXResourcesBuildPhase section */

/* Begin PBXShellScriptBuildPhase section */
		237C8A9338D88A7A12ACB281 /* [CP] Embed Pods Frameworks */ = {
			isa = PBXShellScriptBuildPhase;
			buildActionMask = 2147483647;
			files = (
			);
			inputPaths = (
			);
			name = "[CP] Embed Pods Frameworks";
			outputPaths = (
			);
			runOnlyForDeploymentPostprocessing = 0;
			shellPath = /bin/sh;
			shellScript = "\"${SRCROOT}/Pods/Target Support Files/Pods-ThreeLineReview/Pods-ThreeLineReview-frameworks.sh\"\n";
			showEnvVarsInLog = 0;
		};
		8A59607D4ACDE2A5F642D3B0 /* [CP] Check Pods Manifest.lock */ = {
			isa = PBXShellScriptBuildPhase;
			buildActionMask = 2147483647;
			files = (
			);
			inputPaths = (
			);
			name = "[CP] Check Pods Manifest.lock";
			outputPaths = (
			);
			runOnlyForDeploymentPostprocessing = 0;
			shellPath = /bin/sh;
			shellScript = "diff \"${PODS_ROOT}/../Podfile.lock\" \"${PODS_ROOT}/Manifest.lock\" > /dev/null\nif [ $? != 0 ] ; then\n    # print error to STDERR\n    echo \"error: The sandbox is not in sync with the Podfile.lock. Run 'pod install' or update your CocoaPods installation.\" >&2\n    exit 1\nfi\n";
			showEnvVarsInLog = 0;
		};
		E2B501BB30CD315296CDC448 /* [CP] Copy Pods Resources */ = {
			isa = PBXShellScriptBuildPhase;
			buildActionMask = 2147483647;
			files = (
			);
			inputPaths = (
			);
			name = "[CP] Copy Pods Resources";
			outputPaths = (
			);
			runOnlyForDeploymentPostprocessing = 0;
			shellPath = /bin/sh;
			shellScript = "\"${SRCROOT}/Pods/Target Support Files/Pods-ThreeLineReview/Pods-ThreeLineReview-resources.sh\"\n";
			showEnvVarsInLog = 0;
		};
/* End PBXShellScriptBuildPhase section */

/* Begin PBXSourcesBuildPhase section */
		DA9E563D1EDB037000738BFE /* Sources */ = {
			isa = PBXSourcesBuildPhase;
			buildActionMask = 2147483647;
			files = (
				DA9E56471EDB037000738BFE /* HomeViewController.swift in Sources */,
				DACE17971F02579D00334172 /* UserViewController.swift in Sources */,
				DA9E56801EDB06C000738BFE /* ReviewTargetModel.swift in Sources */,
				DACE17911EFFC5A500334172 /* MakeReviewTargetViewController.swift in Sources */,
				DA9E56451EDB037000738BFE /* AppDelegate.swift in Sources */,
				DACE17951F0218DA00334172 /* JoinViewController.swift in Sources */,
				DACE17931F02105F00334172 /* LoginViewController.swift in Sources */,
				DA9E564D1EDB037000738BFE /* ThreeLineReview.xcdatamodeld in Sources */,
				DA9E56811EDB06C000738BFE /* UserModel.swift in Sources */,
				DA9E567A1EDB06A200738BFE /* ReviewTargetCollectionViewCell.swift in Sources */,
			);
			runOnlyForDeploymentPostprocessing = 0;
		};
		DA9E56541EDB037000738BFE /* Sources */ = {
			isa = PBXSourcesBuildPhase;
			buildActionMask = 2147483647;
			files = (
				DA9E565D1EDB037000738BFE /* ThreeLineReviewTests.swift in Sources */,
			);
			runOnlyForDeploymentPostprocessing = 0;
		};
		DA9E565F1EDB037000738BFE /* Sources */ = {
			isa = PBXSourcesBuildPhase;
			buildActionMask = 2147483647;
			files = (
				DA9E56681EDB037000738BFE /* ThreeLineReviewUITests.swift in Sources */,
			);
			runOnlyForDeploymentPostprocessing = 0;
		};
/* End PBXSourcesBuildPhase section */

/* Begin PBXTargetDependency section */
		DA9E565A1EDB037000738BFE /* PBXTargetDependency */ = {
			isa = PBXTargetDependency;
			target = DA9E56401EDB037000738BFE /* ThreeLineReview */;
			targetProxy = DA9E56591EDB037000738BFE /* PBXContainerItemProxy */;
		};
		DA9E56651EDB037000738BFE /* PBXTargetDependency */ = {
			isa = PBXTargetDependency;
			target = DA9E56401EDB037000738BFE /* ThreeLineReview */;
			targetProxy = DA9E56641EDB037000738BFE /* PBXContainerItemProxy */;
		};
/* End PBXTargetDependency section */

/* Begin PBXVariantGroup section */
		DA9E56481EDB037000738BFE /* Main.storyboard */ = {
			isa = PBXVariantGroup;
			children = (
				DA9E56491EDB037000738BFE /* Base */,
			);
			name = Main.storyboard;
			sourceTree = "<group>";
		};
		DA9E56501EDB037000738BFE /* LaunchScreen.storyboard */ = {
			isa = PBXVariantGroup;
			children = (
				DA9E56511EDB037000738BFE /* Base */,
			);
			name = LaunchScreen.storyboard;
			sourceTree = "<group>";
		};
/* End PBXVariantGroup section */

/* Begin XCBuildConfiguration section */
		DA9E566A1EDB037000738BFE /* Debug */ = {
			isa = XCBuildConfiguration;
			buildSettings = {
				ALWAYS_SEARCH_USER_PATHS = NO;
				CLANG_ANALYZER_NONNULL = YES;
				CLANG_ANALYZER_NUMBER_OBJECT_CONVERSION = YES_AGGRESSIVE;
				CLANG_CXX_LANGUAGE_STANDARD = "gnu++0x";
				CLANG_CXX_LIBRARY = "libc++";
				CLANG_ENABLE_MODULES = YES;
				CLANG_ENABLE_OBJC_ARC = YES;
				CLANG_WARN_BOOL_CONVERSION = YES;
				CLANG_WARN_CONSTANT_CONVERSION = YES;
				CLANG_WARN_DIRECT_OBJC_ISA_USAGE = YES_ERROR;
				CLANG_WARN_DOCUMENTATION_COMMENTS = YES;
				CLANG_WARN_EMPTY_BODY = YES;
				CLANG_WARN_ENUM_CONVERSION = YES;
				CLANG_WARN_INFINITE_RECURSION = YES;
				CLANG_WARN_INT_CONVERSION = YES;
				CLANG_WARN_OBJC_ROOT_CLASS = YES_ERROR;
				CLANG_WARN_SUSPICIOUS_MOVE = YES;
				CLANG_WARN_UNREACHABLE_CODE = YES;
				CLANG_WARN__DUPLICATE_METHOD_MATCH = YES;
				"CODE_SIGN_IDENTITY[sdk=iphoneos*]" = "iPhone Developer";
				COPY_PHASE_STRIP = NO;
				DEBUG_INFORMATION_FORMAT = dwarf;
				ENABLE_STRICT_OBJC_MSGSEND = YES;
				ENABLE_TESTABILITY = YES;
				GCC_C_LANGUAGE_STANDARD = gnu99;
				GCC_DYNAMIC_NO_PIC = NO;
				GCC_NO_COMMON_BLOCKS = YES;
				GCC_OPTIMIZATION_LEVEL = 0;
				GCC_PREPROCESSOR_DEFINITIONS = (
					"DEBUG=1",
					"$(inherited)",
				);
				GCC_WARN_64_TO_32_BIT_CONVERSION = YES;
				GCC_WARN_ABOUT_RETURN_TYPE = YES_ERROR;
				GCC_WARN_UNDECLARED_SELECTOR = YES;
				GCC_WARN_UNINITIALIZED_AUTOS = YES_AGGRESSIVE;
				GCC_WARN_UNUSED_FUNCTION = YES;
				GCC_WARN_UNUSED_VARIABLE = YES;
				IPHONEOS_DEPLOYMENT_TARGET = 10.3;
				MTL_ENABLE_DEBUG_INFO = YES;
				ONLY_ACTIVE_ARCH = YES;
				SDKROOT = iphoneos;
				SWIFT_ACTIVE_COMPILATION_CONDITIONS = DEBUG;
				SWIFT_OPTIMIZATION_LEVEL = "-Onone";
				TARGETED_DEVICE_FAMILY = "1,2";
			};
			name = Debug;
		};
		DA9E566B1EDB037000738BFE /* Release */ = {
			isa = XCBuildConfiguration;
			buildSettings = {
				ALWAYS_SEARCH_USER_PATHS = NO;
				CLANG_ANALYZER_NONNULL = YES;
				CLANG_ANALYZER_NUMBER_OBJECT_CONVERSION = YES_AGGRESSIVE;
				CLANG_CXX_LANGUAGE_STANDARD = "gnu++0x";
				CLANG_CXX_LIBRARY = "libc++";
				CLANG_ENABLE_MODULES = YES;
				CLANG_ENABLE_OBJC_ARC = YES;
				CLANG_WARN_BOOL_CONVERSION = YES;
				CLANG_WARN_CONSTANT_CONVERSION = YES;
				CLANG_WARN_DIRECT_OBJC_ISA_USAGE = YES_ERROR;
				CLANG_WARN_DOCUMENTATION_COMMENTS = YES;
				CLANG_WARN_EMPTY_BODY = YES;
				CLANG_WARN_ENUM_CONVERSION = YES;
				CLANG_WARN_INFINITE_RECURSION = YES;
				CLANG_WARN_INT_CONVERSION = YES;
				CLANG_WARN_OBJC_ROOT_CLASS = YES_ERROR;
				CLANG_WARN_SUSPICIOUS_MOVE = YES;
				CLANG_WARN_UNREACHABLE_CODE = YES;
				CLANG_WARN__DUPLICATE_METHOD_MATCH = YES;
				"CODE_SIGN_IDENTITY[sdk=iphoneos*]" = "iPhone Developer";
				COPY_PHASE_STRIP = NO;
				DEBUG_INFORMATION_FORMAT = "dwarf-with-dsym";
				ENABLE_NS_ASSERTIONS = NO;
				ENABLE_STRICT_OBJC_MSGSEND = YES;
				GCC_C_LANGUAGE_STANDARD = gnu99;
				GCC_NO_COMMON_BLOCKS = YES;
				GCC_WARN_64_TO_32_BIT_CONVERSION = YES;
				GCC_WARN_ABOUT_RETURN_TYPE = YES_ERROR;
				GCC_WARN_UNDECLARED_SELECTOR = YES;
				GCC_WARN_UNINITIALIZED_AUTOS = YES_AGGRESSIVE;
				GCC_WARN_UNUSED_FUNCTION = YES;
				GCC_WARN_UNUSED_VARIABLE = YES;
				IPHONEOS_DEPLOYMENT_TARGET = 10.3;
				MTL_ENABLE_DEBUG_INFO = NO;
				SDKROOT = iphoneos;
				SWIFT_OPTIMIZATION_LEVEL = "-Owholemodule";
				TARGETED_DEVICE_FAMILY = "1,2";
				VALIDATE_PRODUCT = YES;
			};
			name = Release;
		};
		DA9E566D1EDB037000738BFE /* Debug */ = {
			isa = XCBuildConfiguration;
			baseConfigurationReference = E6C01A43A3F2FB29CFFFBC00 /* Pods-ThreeLineReview.debug.xcconfig */;
			buildSettings = {
				ALWAYS_EMBED_SWIFT_STANDARD_LIBRARIES = YES;
				ASSETCATALOG_COMPILER_APPICON_NAME = AppIcon;
				DEVELOPMENT_TEAM = 34UH748CF3;
				INFOPLIST_FILE = ThreeLineReview/Info.plist;
				LD_RUNPATH_SEARCH_PATHS = "$(inherited) @executable_path/Frameworks";
				PRODUCT_BUNDLE_IDENTIFIER = LeFal.ThreeLineReview;
				PRODUCT_NAME = "$(TARGET_NAME)";
				SWIFT_VERSION = 3.0;
			};
			name = Debug;
		};
		DA9E566E1EDB037000738BFE /* Release */ = {
			isa = XCBuildConfiguration;
			baseConfigurationReference = F5370EC1FD71412DEE7A8A39 /* Pods-ThreeLineReview.release.xcconfig */;
			buildSettings = {
				ALWAYS_EMBED_SWIFT_STANDARD_LIBRARIES = YES;
				ASSETCATALOG_COMPILER_APPICON_NAME = AppIcon;
				DEVELOPMENT_TEAM = 34UH748CF3;
				INFOPLIST_FILE = ThreeLineReview/Info.plist;
				LD_RUNPATH_SEARCH_PATHS = "$(inherited) @executable_path/Frameworks";
				PRODUCT_BUNDLE_IDENTIFIER = LeFal.ThreeLineReview;
				PRODUCT_NAME = "$(TARGET_NAME)";
				SWIFT_VERSION = 3.0;
			};
			name = Release;
		};
		DA9E56701EDB037000738BFE /* Debug */ = {
			isa = XCBuildConfiguration;
			buildSettings = {
				ALWAYS_EMBED_SWIFT_STANDARD_LIBRARIES = YES;
				BUNDLE_LOADER = "$(TEST_HOST)";
				DEVELOPMENT_TEAM = 34UH748CF3;
				INFOPLIST_FILE = ThreeLineReviewTests/Info.plist;
				LD_RUNPATH_SEARCH_PATHS = "$(inherited) @executable_path/Frameworks @loader_path/Frameworks";
				PRODUCT_BUNDLE_IDENTIFIER = LeFal.ThreeLineReviewTests;
				PRODUCT_NAME = "$(TARGET_NAME)";
				SWIFT_VERSION = 3.0;
				TEST_HOST = "$(BUILT_PRODUCTS_DIR)/ThreeLineReview.app/ThreeLineReview";
			};
			name = Debug;
		};
		DA9E56711EDB037000738BFE /* Release */ = {
			isa = XCBuildConfiguration;
			buildSettings = {
				ALWAYS_EMBED_SWIFT_STANDARD_LIBRARIES = YES;
				BUNDLE_LOADER = "$(TEST_HOST)";
				DEVELOPMENT_TEAM = 34UH748CF3;
				INFOPLIST_FILE = ThreeLineReviewTests/Info.plist;
				LD_RUNPATH_SEARCH_PATHS = "$(inherited) @executable_path/Frameworks @loader_path/Frameworks";
				PRODUCT_BUNDLE_IDENTIFIER = LeFal.ThreeLineReviewTests;
				PRODUCT_NAME = "$(TARGET_NAME)";
				SWIFT_VERSION = 3.0;
				TEST_HOST = "$(BUILT_PRODUCTS_DIR)/ThreeLineReview.app/ThreeLineReview";
			};
			name = Release;
		};
		DA9E56731EDB037000738BFE /* Debug */ = {
			isa = XCBuildConfiguration;
			buildSettings = {
				ALWAYS_EMBED_SWIFT_STANDARD_LIBRARIES = YES;
				DEVELOPMENT_TEAM = 34UH748CF3;
				INFOPLIST_FILE = ThreeLineReviewUITests/Info.plist;
				LD_RUNPATH_SEARCH_PATHS = "$(inherited) @executable_path/Frameworks @loader_path/Frameworks";
				PRODUCT_BUNDLE_IDENTIFIER = LeFal.ThreeLineReviewUITests;
				PRODUCT_NAME = "$(TARGET_NAME)";
				SWIFT_VERSION = 3.0;
				TEST_TARGET_NAME = ThreeLineReview;
			};
			name = Debug;
		};
		DA9E56741EDB037000738BFE /* Release */ = {
			isa = XCBuildConfiguration;
			buildSettings = {
				ALWAYS_EMBED_SWIFT_STANDARD_LIBRARIES = YES;
				DEVELOPMENT_TEAM = 34UH748CF3;
				INFOPLIST_FILE = ThreeLineReviewUITests/Info.plist;
				LD_RUNPATH_SEARCH_PATHS = "$(inherited) @executable_path/Frameworks @loader_path/Frameworks";
				PRODUCT_BUNDLE_IDENTIFIER = LeFal.ThreeLineReviewUITests;
				PRODUCT_NAME = "$(TARGET_NAME)";
				SWIFT_VERSION = 3.0;
				TEST_TARGET_NAME = ThreeLineReview;
			};
			name = Release;
		};
/* End XCBuildConfiguration section */

/* Begin XCConfigurationList section */
		DA9E563C1EDB037000738BFE /* Build configuration list for PBXProject "ThreeLineReview" */ = {
			isa = XCConfigurationList;
			buildConfigurations = (
				DA9E566A1EDB037000738BFE /* Debug */,
				DA9E566B1EDB037000738BFE /* Release */,
			);
			defaultConfigurationIsVisible = 0;
			defaultConfigurationName = Release;
		};
		DA9E566C1EDB037000738BFE /* Build configuration list for PBXNativeTarget "ThreeLineReview" */ = {
			isa = XCConfigurationList;
			buildConfigurations = (
				DA9E566D1EDB037000738BFE /* Debug */,
				DA9E566E1EDB037000738BFE /* Release */,
			);
			defaultConfigurationIsVisible = 0;
			defaultConfigurationName = Release;
		};
		DA9E566F1EDB037000738BFE /* Build configuration list for PBXNativeTarget "ThreeLineReviewTests" */ = {
			isa = XCConfigurationList;
			buildConfigurations = (
				DA9E56701EDB037000738BFE /* Debug */,
				DA9E56711EDB037000738BFE /* Release */,
			);
			defaultConfigurationIsVisible = 0;
			defaultConfigurationName = Release;
		};
		DA9E56721EDB037000738BFE /* Build configuration list for PBXNativeTarget "ThreeLineReviewUITests" */ = {
			isa = XCConfigurationList;
			buildConfigurations = (
				DA9E56731EDB037000738BFE /* Debug */,
				DA9E56741EDB037000738BFE /* Release */,
			);
			defaultConfigurationIsVisible = 0;
			defaultConfigurationName = Release;
		};
/* End XCConfigurationList section */

/* Begin XCVersionGroup section */
		DA9E564B1EDB037000738BFE /* ThreeLineReview.xcdatamodeld */ = {
			isa = XCVersionGroup;
			children = (
				DA9E564C1EDB037000738BFE /* ThreeLineReview.xcdatamodel */,
			);
			currentVersion = DA9E564C1EDB037000738BFE /* ThreeLineReview.xcdatamodel */;
			path = ThreeLineReview.xcdatamodeld;
			sourceTree = "<group>";
			versionGroupType = wrapper.xcdatamodel;
		};
/* End XCVersionGroup section */
	};
	rootObject = DA9E56391EDB037000738BFE /* Project object */;
}
